# THIS IS AN AUTOGENERATED FILE. DO NOT EDIT THIS FILE DIRECTLY.
# yarn lockfile v1


kaboom@^3000.1.17:
  version "3000.1.17"
  resolved "https://registry.yarnpkg.com/kaboom/-/kaboom-3000.1.17.tgz#a05491f9a80a42155276020cd0c024cd4af96e7c"
  integrity sha512-npAtjGxj9Oj9vLpXfURck9eUPHR2ac1Lhc1bNcZ0NWcs+Lgs40Ty+wjujv1C2DwjWvxaX+3r2G64M35BS/Ry2g==
